
Microsoft Visual Studio Solution File, Format Version 12.00
# Visual Studio Version 17
VisualStudioVersion = 17.6.33815.320
MinimumVisualStudioVersion = 10.0.40219.1
Project("{FAE04EC0-301F-11D3-BF4B-00C04F79EFBC}") = "Payrate prompter", "Payrate prompter\Payrate prompter.csproj", "{905EFEFF-100F-4884-A692-E4F7CA6519A2}"
EndProject
Global
	GlobalSection(SolutionConfigurationPlatforms) = preSolution
		Debug|Any CPU = Debug|Any CPU
		Release|Any CPU = Release|Any CPU
	EndGlobalSection
	GlobalSection(ProjectConfigurationPlatforms) = postSolution
		{905EFEFF-100F-4884-A692-E4F7CA6519A2}.Debug|Any CPU.ActiveCfg = Debug|Any CPU
		{905EFEFF-100F-4884-A692-E4F7CA6519A2}.Debug|Any CPU.Build.0 = Debug|Any CPU
		{905EFEFF-100F-4884-A692-E4F7CA6519A2}.Release|Any CPU.ActiveCfg = Release|Any CPU
		{905EFEFF-100F-4884-A692-E4F7CA6519A2}.Release|Any CPU.Build.0 = Release|Any CPU
	EndGlobalSection
	GlobalSection(SolutionProperties) = preSolution
		HideSolutionNode = FALSE
	EndGlobalSection
	GlobalSection(ExtensibilityGlobals) = postSolution
		SolutionGuid = {A64B27B3-1764-43C3-9B0F-C0B32E1A670A}
	EndGlobalSection
EndGlobal
